# This file is autogenerated, do not edit; changes may be undone by the next 'dep ensure'.


[[projects]]
  digest = "1:51540022d4299b8959d0779466e82b8a7604924f191d212146d3d81cd4be8780"
  name = "github.com/Dreamacro/clash"
  packages = [
    "adapters/inbound",
    "adapters/outbound",
    "adapters/outboundgroup",
    "adapters/provider",
    "common/cache",
    "common/murmur3",
    "common/observable",
    "common/picker",
    "common/pool",
    "common/queue",
    "common/singledo",
    "common/structure",
    "component/auth",
    "component/domain-trie",
    "component/fakeip",
    "component/nat",
    "component/simple-obfs",
    "component/snell",
    "component/socks5",
    "component/v2ray-plugin",
    "component/vmess",
    "config",
    "constant",
    "dns",
    "hub/executor",
    "log",
    "proxy",
    "proxy/auth",
    "proxy/http",
    "proxy/redir",
    "proxy/socks",
    "rules",
    "tunnel",
  ]
  pruneopts = "NUT"
  revision = "14a3ff32f6647fd0262f6239d43a8ea1762c7ca2"
  version = "v0.17.1"

[[projects]]
  digest = "1:2b01537c1d93da7869920dad42a412ff7cd0a38ff3f3c0d93c63da783cbe6d49"
  name = "github.com/Dreamacro/go-shadowsocks2"
  packages = [
    "core",
    "shadowaead",
    "shadowstream",
  ]
  pruneopts = "NUT"
  revision = "4374ee8e77000a2bbc0eb82717f96912d18e3a08"
  version = "v0.1.5"

[[projects]]
  digest = "1:0d36a2b325b9e75f8057f7f9fbe778d348d70ba652cb9335485b69d1a5c4e038"
  name = "github.com/eapache/queue"
  packages = ["."]
  pruneopts = "NUT"
  revision = "44cc805cf13205b55f69e14bcb69867d1ae92f98"
  version = "v1.1.0"

[[projects]]
  branch = "master"
  digest = "1:360c20d7b4faedf950b69c8fa7a95939121bded6083b0679a9e0f4686dc3fa6c"
  name = "github.com/eycorsican/go-tun2socks"
  packages = [
    "common/dns",
    "common/dns/cache",
    "common/dns/fakedns",
    "common/log",
    "common/lsof",
    "common/lsof/windows",
    "common/stats",
    "core",
    "proxy/socks",
  ]
  pruneopts = "T"
  revision = "6d178e4f7316f5a317082056edec740743d2f681"
  source = "github.com/trojan-gfw/go-tun2socks"

[[projects]]
  digest = "1:bde9f189072512ba353f3641d4839cb4c9c7edf421e467f2c03f267b402bd16c"
  name = "github.com/gofrs/uuid"
  packages = ["."]
  pruneopts = "NUT"
  revision = "6b08a5c5172ba18946672b49749cde22873dd7c2"
  version = "v3.2.0"

[[projects]]
  digest = "1:d5344bb08f1d8dc55f9a513ac4f971a9c8baeb73690b7cde56f4fe8a9143ef62"
  name = "github.com/gorilla/websocket"
  packages = ["."]
  pruneopts = "NUT"
  revision = "c3e18be99d19e6b3e8f1559eea2c161a665c4b6b"
  version = "v1.4.1"

[[projects]]
  digest = "1:58999a98719fddbac6303cb17e8d85b945f60b72f48e3a2df6b950b97fa926f1"
  name = "github.com/konsorten/go-windows-terminal-sequences"
  packages = ["."]
  pruneopts = "NUT"
  revision = "f55edac94c9bbba5d6182a4be46d86a2c9b5b50e"
  version = "v1.0.2"

[[projects]]
  digest = "1:689a293fcee6b6c4c2577951a5f1bfcac77b62ef27f6154db2c50a5cc1db3797"
  name = "github.com/miekg/dns"
  packages = ["."]
  pruneopts = "NUT"
  revision = "6c0c4e6581f8e173cc562c8b3363ab984e4ae071"
  version = "v1.1.27"

[[projects]]
  digest = "1:8458ad87b512968637510fc6caea25f8b734dfda7c35fd5ce00300ecd16ccf46"
  name = "github.com/oschwald/geoip2-golang"
  packages = ["."]
  pruneopts = "NUT"
  revision = "ae8b169eb05b73c205edf569a6e4b0dc42c139fb"
  version = "v1.4.0"

[[projects]]
  digest = "1:e2b7b40b4c3edf6115a86b3e905b47f596c64d017fbc1d7fe2e294f78da998ce"
  name = "github.com/oschwald/maxminddb-golang"
  packages = ["."]
  pruneopts = "NUT"
  revision = "6a033e62c03b7dab4c37f7c9eb2ebb3b10e8f13a"
  version = "v1.6.0"

[[projects]]
  digest = "1:f4aaa07a6c33f2b354726d0571acbc8ca118837c75709f6353203ae1a3f8eeab"
  name = "github.com/sirupsen/logrus"
  packages = ["."]
  pruneopts = "NUT"
  revision = "839c75faf7f98a33d445d181f3018b5c3409a45e"
  version = "v1.4.2"

[[projects]]
  branch = "master"
  digest = "1:19c5c0a41a77f6c674859e588259727686565c90243eab7ed11f841dc5e9242c"
  name = "github.com/songgao/water"
  packages = ["."]
  pruneopts = "NUT"
  revision = "fd331bda3f4bbc9aad07ccd4bd2abaa1e363a852"

[[projects]]
  branch = "master"
  digest = "1:ffdffcffe572fbc204c3b62193fc30ca86545afc32c49931e0f1f968153788e9"
  name = "golang.org/x/crypto"
  packages = [
    "argon2",
    "blake2b",
    "chacha20",
    "chacha20poly1305",
    "ed25519",
    "ed25519/internal/edwards25519",
    "hkdf",
    "internal/subtle",
    "poly1305",
  ]
  pruneopts = "NUT"
  revision = "530e935923ad688be97c15eeb8e5ee42ebf2b54a"

[[projects]]
  branch = "master"
  digest = "1:b2bac65d7d6c62610566a944bb216dc095433d73a0d6771e60e461bb9dcc4b9c"
  name = "golang.org/x/net"
  packages = [
    "bpf",
    "idna",
    "internal/iana",
    "internal/socket",
    "internal/socks",
    "ipv4",
    "ipv6",
    "proxy",
    "publicsuffix",
  ]
  pruneopts = "NUT"
  revision = "6afb5195e5aab057fda82e27171243402346b0ad"

[[projects]]
  branch = "master"
  digest = "1:4afdcaf2f776edc7fc481d0c4cc5a1ebae7e407076690c8c8dbab6f287c31c76"
  name = "golang.org/x/sync"
  packages = ["singleflight"]
  pruneopts = "NUT"
  revision = "cd5d95a43a6e21273425c7ae415d3df9ea832eeb"

[[projects]]
  branch = "master"
  digest = "1:4f71045e3916f41136ca18978734b117da03803fb3f6f03e6317f5f8fe4f6010"
  name = "golang.org/x/sys"
  packages = [
    "cpu",
    "unix",
    "windows",
    "windows/registry",
  ]
  pruneopts = "NUT"
  revision = "59e60aa80a0c64fa4b088976ee16ad7f04252c25"

[[projects]]
  digest = "1:8d8faad6b12a3a4c819a3f9618cb6ee1fa1cfc33253abeeea8b55336721e3405"
  name = "golang.org/x/text"
  packages = [
    "collate",
    "collate/build",
    "internal/colltab",
    "internal/gen",
    "internal/language",
    "internal/language/compact",
    "internal/tag",
    "internal/triegen",
    "internal/ucd",
    "language",
    "secure/bidirule",
    "transform",
    "unicode/bidi",
    "unicode/cldr",
    "unicode/norm",
    "unicode/rangetable",
  ]
  pruneopts = "NUT"
  revision = "342b2e1fbaa52c93f31447ad2c6abc048c63e475"
  version = "v0.3.2"

[[projects]]
  branch = "master"
  digest = "1:ba64cb64f1d5c594cd913937eddd5085b791e6d6d3eaa94c2d1a95c3fd7c9a03"
  name = "golang.org/x/tools"
  packages = [
    "go/ast/astutil",
    "go/gcexportdata",
    "go/internal/gcimporter",
    "go/internal/packagesdriver",
    "go/packages",
    "go/types/typeutil",
    "internal/fastwalk",
    "internal/gopathwalk",
    "internal/packagesinternal",
    "internal/semver",
  ]
  pruneopts = "NUT"
  revision = "0cba7a3a9ee9d9a5917ed56b9668e7ad35eaa571"

[[projects]]
  digest = "1:4f0ac2a7cc350b14c72a9de0de046b908482d6f16183c8570ee4d6e17adc6a94"
  name = "gopkg.in/eapache/channels.v1"
  packages = ["."]
  pruneopts = "NUT"
  revision = "47238d5aae8c0fefd518ef2bee46290909cf8263"
  version = "v1.1.0"

[[projects]]
  digest = "1:1532269ea4c7a7fcb29639a46318dd00c0f99c2f308a2a2860acf5b5354b8acc"
  name = "gopkg.in/yaml.v2"
  packages = ["."]
  pruneopts = "NUT"
  revision = "1f64d6156d11335c3f22d9330b0ad14fc1e789ce"
  version = "v2.2.7"

[solve-meta]
  analyzer-name = "dep"
  analyzer-version = 1
  input-imports = [
    "github.com/Dreamacro/clash/config",
    "github.com/Dreamacro/clash/constant",
    "github.com/Dreamacro/clash/hub/executor",
    "github.com/eycorsican/go-tun2socks/common/dns/cache",
    "github.com/eycorsican/go-tun2socks/common/dns/fakedns",
    "github.com/eycorsican/go-tun2socks/core",
    "github.com/eycorsican/go-tun2socks/proxy/socks",
    "github.com/sirupsen/logrus",
    "github.com/songgao/water",
  ]
  solver-name = "gps-cdcl"
  solver-version = 1
