# This file is autogenerated, do not edit; changes may be undone by the next 'dep ensure'.


[[projects]]
  digest = "1:c5a070567f869489a38072dbd4c2a6e392f160c40200feb1892b6bd6b67f75ee"
  name = "github.com/Dreamacro/clash"
  packages = [
    "adapters/inbound",
    "adapters/outbound",
    "common/cache",
    "common/murmur3",
    "common/observable",
    "common/picker",
    "common/pool",
    "common/queue",
    "common/structure",
    "component/auth",
    "component/domain-trie",
    "component/fakeip",
    "component/nat",
    "component/simple-obfs",
    "component/snell",
    "component/socks5",
    "component/v2ray-plugin",
    "component/vmess",
    "config",
    "constant",
    "dns",
    "hub/executor",
    "log",
    "proxy",
    "proxy/auth",
    "proxy/http",
    "proxy/redir",
    "proxy/socks",
    "rules",
    "tunnel",
  ]
  pruneopts = "NUT"
  revision = "d1fb442bd51ca697f8d9f7b3d451c9bdd83401cd"
  version = "v0.16.0"

[[projects]]
  digest = "1:5bbc4c37c692ef840656014998b2643beade7ad4aab0e7adcf6422771ec5655c"
  name = "github.com/Dreamacro/go-shadowsocks2"
  packages = [
    "core",
    "shadowaead",
    "shadowstream",
  ]
  pruneopts = "NUT"
  revision = "1d56c5b71ca81008c05504c024fef40535f4ab7a"
  version = "v0.1.4"

[[projects]]
  branch = "master"
  digest = "1:2795ce42ac79b6a0733d76c5c2de94f458fa0892949c1768351e2b5e41b5abc6"
  name = "github.com/aead/chacha20"
  packages = [
    ".",
    "chacha",
  ]
  pruneopts = "NUT"
  revision = "8b13a72661dae6e9e5dea04f344f0dc95ea29547"

[[projects]]
  digest = "1:0d36a2b325b9e75f8057f7f9fbe778d348d70ba652cb9335485b69d1a5c4e038"
  name = "github.com/eapache/queue"
  packages = ["."]
  pruneopts = "NUT"
  revision = "44cc805cf13205b55f69e14bcb69867d1ae92f98"
  version = "v1.1.0"

[[projects]]
  branch = "master"
  digest = "1:2eab9d5ea0d09f598fc75e8cdc0c72f47483f2cc7b5f1e4d9be2590603d76214"
  name = "github.com/eycorsican/go-tun2socks"
  packages = [
    "common/dns",
    "common/dns/fakedns",
    "common/log",
    "common/lsof",
    "common/lsof/windows",
    "common/stats",
    "core",
    "proxy/socks",
  ]
  pruneopts = "T"
  revision = "24eaf89d95c4610eba1e29876c162087cc7b3491"
  source = "github.com/trojan-gfw/go-tun2socks"

[[projects]]
  digest = "1:bde9f189072512ba353f3641d4839cb4c9c7edf421e467f2c03f267b402bd16c"
  name = "github.com/gofrs/uuid"
  packages = ["."]
  pruneopts = "NUT"
  revision = "6b08a5c5172ba18946672b49749cde22873dd7c2"
  version = "v3.2.0"

[[projects]]
  digest = "1:d5344bb08f1d8dc55f9a513ac4f971a9c8baeb73690b7cde56f4fe8a9143ef62"
  name = "github.com/gorilla/websocket"
  packages = ["."]
  pruneopts = "NUT"
  revision = "c3e18be99d19e6b3e8f1559eea2c161a665c4b6b"
  version = "v1.4.1"

[[projects]]
  digest = "1:58999a98719fddbac6303cb17e8d85b945f60b72f48e3a2df6b950b97fa926f1"
  name = "github.com/konsorten/go-windows-terminal-sequences"
  packages = ["."]
  pruneopts = "NUT"
  revision = "f55edac94c9bbba5d6182a4be46d86a2c9b5b50e"
  version = "v1.0.2"

[[projects]]
  digest = "1:2d1d71d6ddf1a462ca69e02178b804e1771001397f0dc0aea05a876027549d58"
  name = "github.com/miekg/dns"
  packages = ["."]
  pruneopts = "NUT"
  revision = "1e224ff5dead8366ed6fcdcb832794be42e73f0e"
  version = "v1.1.22"

[[projects]]
  digest = "1:a7203c292d7f5f6c16ea98ea749abbdcd3abb81f2a4c2f966d3685fccdf5a7c0"
  name = "github.com/oschwald/geoip2-golang"
  packages = ["."]
  pruneopts = "NUT"
  revision = "347ca45869a87337a71b11efe9b3043bc10df97f"
  version = "v1.3.0"

[[projects]]
  digest = "1:dce1c759babdfe62e688a955df8c8bc640a847bbb8242d00f8490bf94e86eaec"
  name = "github.com/oschwald/maxminddb-golang"
  packages = ["."]
  pruneopts = "NUT"
  revision = "eb12d4af9ec30d7521b8380ba1923d8a0f395bbf"
  version = "v1.5.0"

[[projects]]
  digest = "1:f4aaa07a6c33f2b354726d0571acbc8ca118837c75709f6353203ae1a3f8eeab"
  name = "github.com/sirupsen/logrus"
  packages = ["."]
  pruneopts = "NUT"
  revision = "839c75faf7f98a33d445d181f3018b5c3409a45e"
  version = "v1.4.2"

[[projects]]
  branch = "master"
  digest = "1:8d74a0ad4bc5bfe74f2543a2d4953239604351f82f374883a4895f59cb918f3b"
  name = "golang.org/x/crypto"
  packages = [
    "argon2",
    "blake2b",
    "chacha20poly1305",
    "ed25519",
    "ed25519/internal/edwards25519",
    "hkdf",
    "internal/chacha20",
    "internal/subtle",
    "poly1305",
  ]
  pruneopts = "NUT"
  revision = "87dc89f01550277dc22b74ffcf4cd89fa2f40f4c"

[[projects]]
  branch = "master"
  digest = "1:f077ff46ee9cad21569b6be3d53fafc2f3d7fc1ad27832cbd71ae4c7a1a46598"
  name = "golang.org/x/net"
  packages = [
    "bpf",
    "idna",
    "internal/iana",
    "internal/socket",
    "internal/socks",
    "ipv4",
    "ipv6",
    "proxy",
    "publicsuffix",
  ]
  pruneopts = "NUT"
  revision = "491137f692577e390404f177a0515c9f86f79754"

[[projects]]
  branch = "master"
  digest = "1:4afdcaf2f776edc7fc481d0c4cc5a1ebae7e407076690c8c8dbab6f287c31c76"
  name = "golang.org/x/sync"
  packages = ["singleflight"]
  pruneopts = "NUT"
  revision = "cd5d95a43a6e21273425c7ae415d3df9ea832eeb"

[[projects]]
  branch = "master"
  digest = "1:4d32838276fa25182ac769cb955976d1176a185f5fe8487bfaff0fb5b8368615"
  name = "golang.org/x/sys"
  packages = [
    "cpu",
    "unix",
    "windows",
  ]
  pruneopts = "NUT"
  revision = "b09406accb4736d857a32bf9444cd7edae2ffa79"

[[projects]]
  digest = "1:8d8faad6b12a3a4c819a3f9618cb6ee1fa1cfc33253abeeea8b55336721e3405"
  name = "golang.org/x/text"
  packages = [
    "collate",
    "collate/build",
    "internal/colltab",
    "internal/gen",
    "internal/language",
    "internal/language/compact",
    "internal/tag",
    "internal/triegen",
    "internal/ucd",
    "language",
    "secure/bidirule",
    "transform",
    "unicode/bidi",
    "unicode/cldr",
    "unicode/norm",
    "unicode/rangetable",
  ]
  pruneopts = "NUT"
  revision = "342b2e1fbaa52c93f31447ad2c6abc048c63e475"
  version = "v0.3.2"

[[projects]]
  digest = "1:4f0ac2a7cc350b14c72a9de0de046b908482d6f16183c8570ee4d6e17adc6a94"
  name = "gopkg.in/eapache/channels.v1"
  packages = ["."]
  pruneopts = "NUT"
  revision = "47238d5aae8c0fefd518ef2bee46290909cf8263"
  version = "v1.1.0"

[[projects]]
  digest = "1:accc3bfe4e404aa53ac3621470e7cf9fce1efe48f0fabcfe6d12a72579d9d91f"
  name = "gopkg.in/yaml.v2"
  packages = ["."]
  pruneopts = "NUT"
  revision = "f221b8435cfb71e54062f6c6e99e9ade30b124d5"
  version = "v2.2.4"

[solve-meta]
  analyzer-name = "dep"
  analyzer-version = 1
  input-imports = [
    "github.com/Dreamacro/clash/config",
    "github.com/Dreamacro/clash/constant",
    "github.com/Dreamacro/clash/hub/executor",
    "github.com/eycorsican/go-tun2socks/common/dns/fakedns",
    "github.com/eycorsican/go-tun2socks/core",
    "github.com/eycorsican/go-tun2socks/proxy/socks",
    "github.com/sirupsen/logrus",
  ]
  solver-name = "gps-cdcl"
  solver-version = 1
